<?xml version="1.0" encoding="utf-8"?>
<Project ToolsVersion="4.0" xmlns="http://schemas.microsoft.com/developer/msbuild/2003">
  <ItemGroup>
    <ClCompile Include="..\DirectoryDlgClass.cpp">
      <Filter>Source Files</Filter>
    </ClCompile>
    <ClCompile Include="FileDlg_Qt.cpp">
      <Filter>Source Files</Filter>
    </ClCompile>
    <ClCompile Include="..\FileDlgClass.cpp">
      <Filter>Source Files</Filter>
    </ClCompile>
    <ClCompile Include="..\..\..\Independed\FileDlgProcesses.cpp">
      <Filter>Source Files</Filter>
    </ClCompile>
    <ClCompile Include="..\FileShowClass.cpp">
      <Filter>Source Files</Filter>
    </ClCompile>
    <ClCompile Include="..\InputDlgClass.cpp">
      <Filter>Source Files</Filter>
    </ClCompile>
    <ClCompile Include="..\..\..\Independed\FileUtil.cpp">
      <Filter>Source Files</Filter>
    </ClCompile>
    <ClCompile Include="..\MessageDlgClass.cpp">
      <Filter>Source Files</Filter>
    </ClCompile>
    <ClCompile Include="..\..\..\Independed\MyFileDlg.cpp">
      <Filter>Source Files</Filter>
    </ClCompile>
    <ClCompile Include="..\..\..\Independed\MyFileException.cpp">
      <Filter>Source Files</Filter>
    </ClCompile>
  </ItemGroup>
  <ItemGroup>
    <ClInclude Include="filedlg_qt_global.h">
      <Filter>Header Files</Filter>
    </ClInclude>
    <ClInclude Include="..\..\..\Independed\FileDlgProcesses.h">
      <Filter>Header Files</Filter>
    </ClInclude>
    <ClInclude Include="..\..\..\Independed\FileUtil.h">
      <Filter>Header Files</Filter>
    </ClInclude>
    <ClInclude Include="..\..\..\Independed\MyFileDlg.h">
      <Filter>Header Files</Filter>
    </ClInclude>
    <ClInclude Include="..\..\..\Independed\MyFileException.h">
      <Filter>Header Files</Filter>
    </ClInclude>
    <ClInclude Include="resource.h">
      <Filter>Header Files</Filter>
    </ClInclude>
    <ClInclude Include="..\..\..\Independed\BuildFileDlg.h">
      <Filter>Header Files</Filter>
    </ClInclude>
  </ItemGroup>
  <ItemGroup>
    <QtMoc Include="FileDlg_Qt.h">
      <Filter>Header Files</Filter>
    </QtMoc>
    <QtMoc Include="..\FileDlgClass.h">
      <Filter>Header Files</Filter>
    </QtMoc>
    <QtMoc Include="..\FileShowClass.h">
      <Filter>Header Files</Filter>
    </QtMoc>
    <QtMoc Include="..\MessageDlgClass.h">
      <Filter>Header Files</Filter>
    </QtMoc>
    <QtMoc Include="..\DirectoryDlgClass.h">
      <Filter>Header Files</Filter>
    </QtMoc>
    <QtMoc Include="..\InputDlgClass.h">
      <Filter>Header Files</Filter>
    </QtMoc>
  </ItemGroup>
  <ItemGroup>
    <QtRcc Include="FileDlg.qrc" />
  </ItemGroup>
  <ItemGroup>
    <QtUic Include="..\FileDlgClass.ui">
      <Filter>Form Files</Filter>
    </QtUic>
    <QtUic Include="..\FileShowClass.ui">
      <Filter>Form Files</Filter>
    </QtUic>
    <QtUic Include="..\InputDlgClass.ui">
      <Filter>Form Files</Filter>
    </QtUic>
    <QtUic Include="..\MessageDlgClass.ui">
      <Filter>Form Files</Filter>
    </QtUic>
    <QtUic Include="..\DirectoryDlgClass.ui">
      <Filter>Form Files</Filter>
    </QtUic>
  </ItemGroup>
  <ItemGroup>
    <Filter Include="Header Files">
      <UniqueIdentifier>{e32d70f8-c474-4cd9-9e59-0b673dbe5e44}</UniqueIdentifier>
    </Filter>
    <Filter Include="Source Files">
      <UniqueIdentifier>{29d3aa42-5855-44aa-9286-35af85648960}</UniqueIdentifier>
    </Filter>
    <Filter Include="Form Files">
      <UniqueIdentifier>{23f0e266-c9a4-4ace-963d-a5f1bdd44d41}</UniqueIdentifier>
    </Filter>
  </ItemGroup>
</Project>